
Microsoft Visual Studio Solution File, Format Version 12.00
# Visual Studio Version 16
VisualStudioVersion = 16.0.30413.136
MinimumVisualStudioVersion = 10.0.40219.1
Project("{FAE04EC0-301F-11D3-BF4B-00C04F79EFBC}") = "WFAPharmacyManagement", "WFAPharmacyManagement\WFAPharmacyManagement.csproj", "{84643CE3-E5CC-48DC-940F-D55438148745}"
EndProject
Global
	GlobalSection(SolutionConfigurationPlatforms) = preSolution
		Debug|Any CPU = Debug|Any CPU
		Release|Any CPU = Release|Any CPU
	EndGlobalSection
	GlobalSection(ProjectConfigurationPlatforms) = postSolution
		{84643CE3-E5CC-48DC-940F-D55438148745}.Debug|Any CPU.ActiveCfg = Debug|Any CPU
		{84643CE3-E5CC-48DC-940F-D55438148745}.Debug|Any CPU.Build.0 = Debug|Any CPU
		{84643CE3-E5CC-48DC-940F-D55438148745}.Release|Any CPU.ActiveCfg = Release|Any CPU
		{84643CE3-E5CC-48DC-940F-D55438148745}.Release|Any CPU.Build.0 = Release|Any CPU
	EndGlobalSection
	GlobalSection(SolutionProperties) = preSolution
		HideSolutionNode = FALSE
	EndGlobalSection
	GlobalSection(ExtensibilityGlobals) = postSolution
		SolutionGuid = {90EE033F-BE95-4BB9-89D5-ECE04D489C9C}
	EndGlobalSection
EndGlobal
